{
  "name": "@tempvs/geography-data",
  "version": "0.1.0",
  "lockfileVersion": 3,
  "requires": true,
  "packages": {
    "": {
      "name": "@tempvs/geography-data",
      "version": "0.1.0",
      "devDependencies": {
        "@aws-sdk/client-s3": "^3.0.0",
        "@types/adm-zip": "^0.5.7",
        "@types/node": "^22.13.10",
        "adm-zip": "^0.6.1",
        "csv-parse": "^7.0.3",
        "stream-json": "^3.7.0",
        "typescript": "^5.8.2"
      }
    },
    "node_modules/@aws-sdk/checksums": {
      "version": "3.1001.2",
      "resolved": "https://registry.npmjs.org/@aws-sdk/checksums/-/checksums-3.1001.2.tgz",
      "integrity": "sha512-gKRj5IXZ/O0ehk2rwfb55YygdNKNhK5N1l/Ztg/w06tk21AJtCPuyErETk2RS/6XOmpBkcZY6CN3GlQ2fWTh1g==",
      "dev": true,
      "license": "Apache-2.0",
      "dependencies": {
        "@aws-sdk/core": "^3.978.2",
        "@aws-sdk/types": "^3.974.6",
        "@smithy/core": "^3.35.2",
        "@smithy/types": "^4.19.0",
        "tslib": "^2.6.2"
      },
      "engines": {
        "node": ">=20.0.0"
      }
    },
    "node_modules/@aws-sdk/client-s3": {
      "version": "3.1149.0",
      "resolved": "https://registry.npmjs.org/@aws-sdk/client-s3/-/client-s3-3.1149.0.tgz",
      "integrity": "sha512-wEccG+3/ap7iIBO4DbWwqNHh2u5Qm5OCQJzJaAvtVFIoZbp0qia8HIXv4rpnNmJJEX8205mlq67F9QJ0nKlcxg==",
      "dev": true,
      "license": "Apache-2.0",
      "dependencies": {
        "@aws-sdk/checksums": "^3.1001.2",
        "@aws-sdk/core": "^3.978.2",
        "@aws-sdk/credential-provider-node": "^3.972.85",
        "@aws-sdk/middleware-sdk-s3": "^3.972.78",
        "@aws-sdk/signature-v4-multi-region": "^3.996.48",
        "@aws-sdk/types": "^3.974.6",
        "@smithy/core": "^3.35.2",
        "@smithy/fetch-http-handler": "^5.8.0",
        "@smithy/node-http-handler": "^4.12.1",
        "@smithy/types": "^4.19.0",
        "tslib": "^2.6.2"
      },
      "engines": {
        "node": ">=20.0.0"
      }
    },
    "node_modules/@aws-sdk/core": {
      "version": "3.978.2",
      "resolved": "https://registry.npmjs.org/@aws-sdk/core/-/core-3.978.2.tgz",
      "integrity": "sha512-ViOBLuGSSyPAmkKGJ6KJXtVN7MOEp3rnI7uH+kWxnHccvo8C9cvunEAnN5/oaZH1laQfsTBw7IOnmNkWlFZl2A==",
      "dev": true,
      "license": "Apache-2.0",
      "dependencies": {
        "@aws-sdk/types": "^3.974.6",
        "@aws-sdk/xml-builder": "^3.972.41",
        "@aws/lambda-invoke-store": "^0.3.0",
        "@smithy/core": "^3.35.2",
        "@smithy/signature-v4": "^5.7.4",
        "@smithy/types": "^4.19.0",
        "bowser": "^2.11.0",
        "tslib": "^2.6.2"
      },
      "engines": {
        "node": ">=20.0.0"
      }
    },
    "node_modules/@aws-sdk/credential-provider-env": {
      "version": "3.972.73",
      "resolved": "https://registry.npmjs.org/@aws-sdk/credential-provider-env/-/credential-provider-env-3.972.73.tgz",
      "integrity": "sha512-PxlFZiF5IPUsPnuVSqjM9jlmRwZhL0xx40ccWfZiLQS8TRnHQpegpK1uAidatWuEqbJtbbY97A2Sezikz2AMUw==",
      "dev": true,
      "license": "Apache-2.0",
      "dependencies": {
        "@aws-sdk/core": "^3.978.2",
        "@aws-sdk/types": "^3.974.6",
        "@smithy/core": "^3.35.2",
        "@smithy/types": "^4.19.0",
        "tslib": "^2.6.2"
      },
      "engines": {
        "node": ">=20.0.0"
      }
    },
    "node_modules/@aws-sdk/credential-provider-http": {
      "version": "3.972.75",
      "resolved": "https://registry.npmjs.org/@aws-sdk/credential-provider-http/-/credential-provider-http-3.972.75.tgz",
      "integrity": "sha512-Q/uIDy8eAVN7JgSKDg16F/f+hmNJj/ZyLJN8AkW2ofVdDgJVh8fO/A26iZ7YsvM2/k76hsf/u2lLAtyXsK8Ziw==",
      "dev": true,
      "license": "Apache-2.0",
      "dependencies": {
        "@aws-sdk/core": "^3.978.2",
        "@aws-sdk/types": "^3.974.6",
        "@smithy/core": "^3.35.2",
        "@smithy/fetch-http-handler": "^5.8.0",
        "@smithy/node-http-handler": "^4.12.1",
        "@smithy/types": "^4.19.0",
        "tslib": "^2.6.2"
      },
      "engines": {
        "node": ">=20.0.0"
      }
    },
    "node_modules/@aws-sdk/credential-provider-ini": {
      "version": "3.973.18",
      "resolved": "https://registry.npmjs.org/@aws-sdk/credential-provider-ini/-/credential-provider-ini-3.973.18.tgz",
      "integrity": "sha512-KoyjZ9vdjuxEQ8obAH06xKP8H0WKqGhwUZLMqAOiS7G0xgUAht4X8f0ASLC/vhNLCWGblZOD3VQHWyTROGJHLg==",
      "dev": true,
      "license": "Apache-2.0",
      "dependencies": {
        "@aws-sdk/core": "^3.978.2",
        "@aws-sdk/credential-provider-env": "^3.972.73",
        "@aws-sdk/credential-provider-http": "^3.972.75",
        "@aws-sdk/credential-provider-login": "^3.972.80",
        "@aws-sdk/credential-provider-process": "^3.972.73",
        "@aws-sdk/credential-provider-sso": "^3.973.17",
        "@aws-sdk/credential-provider-web-identity": "^3.972.79",
        "@aws-sdk/nested-clients": "^3.997.47",
        "@aws-sdk/types": "^3.974.6",
        "@smithy/core": "^3.35.2",
        "@smithy/credential-provider-imds": "^4.5.2",
        "@smithy/types": "^4.19.0",
        "tslib": "^2.6.2"
      },
      "engines": {
        "node": ">=20.0.0"
      }
    },
    "node_modules/@aws-sdk/credential-provider-login": {
      "version": "3.972.80",
      "resolved": "https://registry.npmjs.org/@aws-sdk/credential-provider-login/-/credential-provider-login-3.972.80.tgz",
      "integrity": "sha512-xF9A0gaO7k+1dYPFoo69OQatA9Ov0QuDZfqE8H0FLyIoOph+mlEC+I1Qo9UULupGuDfSYh+kVpfcDSxSYf/2fg==",
      "dev": true,
      "license": "Apache-2.0",
      "dependencies": {
        "@aws-sdk/core": "^3.978.2",
        "@aws-sdk/nested-clients": "^3.997.47",
        "@aws-sdk/types": "^3.974.6",
        "@smithy/core": "^3.35.2",
        "@smithy/types": "^4.19.0",
        "tslib": "^2.6.2"
      },
      "engines": {
        "node": ">=20.0.0"
      }
    },
    "node_modules/@aws-sdk/credential-provider-node": {
      "version": "3.972.85",
      "resolved": "https://registry.npmjs.org/@aws-sdk/credential-provider-node/-/credential-provider-node-3.972.85.tgz",
      "integrity": "sha512-CrFcML/xImiSlquH4W3V6Npz3aSkPXHDVciAU1JOBN0vqjmkcz9H9up2sCHQqN76J/WrT+TJ580L8h2joksQrg==",
      "dev": true,
      "license": "Apache-2.0",
      "dependencies": {
        "@aws-sdk/credential-provider-env": "^3.972.73",
        "@aws-sdk/credential-provider-http": "^3.972.75",
        "@aws-sdk/credential-provider-ini": "^3.973.18",
        "@aws-sdk/credential-provider-process": "^3.972.73",
        "@aws-sdk/credential-provider-sso": "^3.973.17",
        "@aws-sdk/credential-provider-web-identity": "^3.972.79",
        "@aws-sdk/types": "^3.974.6",
        "@smithy/core": "^3.35.2",
        "@smithy/credential-provider-imds": "^4.5.2",
        "@smithy/types": "^4.19.0",
        "tslib": "^2.6.2"
      },
      "engines": {
        "node": ">=20.0.0"
      }
    },
    "node_modules/@aws-sdk/credential-provider-process": {
      "version": "3.972.73",
      "resolved": "https://registry.npmjs.org/@aws-sdk/credential-provider-process/-/credential-provider-process-3.972.73.tgz",
      "integrity": "sha512-tyNnT4aVuOEXmKKKZPExBi828vRd9heshobBsKF0bov5EORHSJc1AGsHOMRP57sDt+dIuVASUOywaixiX26t4g==",
      "dev": true,
      "license": "Apache-2.0",
      "dependencies": {
        "@aws-sdk/core": "^3.978.2",
        "@aws-sdk/types": "^3.974.6",
        "@smithy/core": "^3.35.2",
        "@smithy/types": "^4.19.0",
        "tslib": "^2.6.2"
      },
      "engines": {
        "node": ">=20.0.0"
      }
    },
    "node_modules/@aws-sdk/credential-provider-sso": {
      "version": "3.973.17",
      "resolved": "https://registry.npmjs.org/@aws-sdk/credential-provider-sso/-/credential-provider-sso-3.973.17.tgz",
      "integrity": "sha512-gxKTWaUk2gSbBOH4m3NPRfEKcGXeDAOgHr7nNG5JktR1xZLo0R+DpMjbcleoHbB0uJREOG7hjIRE635IuBWsRQ==",
      "dev": true,
      "license": "Apache-2.0",
      "dependencies": {
        "@aws-sdk/core": "^3.978.2",
        "@aws-sdk/nested-clients": "^3.997.47",
        "@aws-sdk/token-providers": "3.1149.0",
        "@aws-sdk/types": "^3.974.6",
        "@smithy/core": "^3.35.2",
        "@smithy/types": "^4.19.0",
        "tslib": "^2.6.2"
      },
      "engines": {
        "node": ">=20.0.0"
      }
    },
    "node_modules/@aws-sdk/credential-provider-web-identity": {
      "version": "3.972.79",
      "resolved": "https://registry.npmjs.org/@aws-sdk/credential-provider-web-identity/-/credential-provider-web-identity-3.972.79.tgz",
      "integrity": "sha512-/jn0Gs/qm6fs6nTIA5yncHayybz42SATZ3rNxCEBYPJ9v69PLrDRgk07E9xTT2gpRcNmDXXbi27ZbuU06N0Z6Q==",
      "dev": true,
      "license": "Apache-2.0",
      "dependencies": {
        "@aws-sdk/core": "^3.978.2",
        "@aws-sdk/nested-clients": "^3.997.47",
        "@aws-sdk/types": "^3.974.6",
        "@smithy/core": "^3.35.2",
        "@smithy/types": "^4.19.0",
        "tslib": "^2.6.2"
      },
      "engines": {
        "node": ">=20.0.0"
      }
    },
    "node_modules/@aws-sdk/middleware-sdk-s3": {
      "version": "3.972.78",
      "resolved": "https://registry.npmjs.org/@aws-sdk/middleware-sdk-s3/-/middleware-sdk-s3-3.972.78.tgz",
      "integrity": "sha512-W1kXIqMBkfrpVTbOOUSt63D2mEM4882TLqGWXjkZ1OcJ2ggSEWzgyjlyVDIHu/goGJSREd5s/KQ9wAgVZ0djeQ==",
      "dev": true,
      "license": "Apache-2.0",
      "dependencies": {
        "@aws-sdk/core": "^3.978.2",
        "@aws-sdk/signature-v4-multi-region": "^3.996.48",
        "@aws-sdk/types": "^3.974.6",
        "@smithy/core": "^3.35.2",
        "@smithy/types": "^4.19.0",
        "tslib": "^2.6.2"
      },
      "engines": {
        "node": ">=20.0.0"
      }
    },
    "node_modules/@aws-sdk/nested-clients": {
      "version": "3.997.47",
      "resolved": "https://registry.npmjs.org/@aws-sdk/nested-clients/-/nested-clients-3.997.47.tgz",
      "integrity": "sha512-bovCKvDsLocNTzaj6VrrMVJ2BGROqO0JlwcGseO67a+I9Bo+08nUJhSQfZUIx4+A4a7I4101GEJd/AYm7dQ68w==",
      "dev": true,
      "license": "Apache-2.0",
      "dependencies": {
        "@aws-sdk/core": "^3.978.2",
        "@aws-sdk/signature-v4-multi-region": "^3.996.48",
        "@aws-sdk/types": "^3.974.6",
        "@smithy/core": "^3.35.2",
        "@smithy/fetch-http-handler": "^5.8.0",
        "@smithy/node-http-handler": "^4.12.1",
        "@smithy/types": "^4.19.0",
        "tslib": "^2.6.2"
      },
      "engines": {
        "node": ">=20.0.0"
      }
    },
    "node_modules/@aws-sdk/signature-v4-multi-region": {
      "version": "3.996.48",
      "resolved": "https://registry.npmjs.org/@aws-sdk/signature-v4-multi-region/-/signature-v4-multi-region-3.996.48.tgz",
      "integrity": "sha512-cFDXfEbXaGwbnpvR/DyqfxfjxpjXVRVthQLgkwvcfDS5u3+8G9WSj1X1Ag/pTRg/QOeOno1Tq3ycEdrKsCUcOA==",
      "dev": true,
      "license": "Apache-2.0",
      "dependencies": {
        "@aws-sdk/types": "^3.974.6",
        "@smithy/signature-v4": "^5.7.4",
        "@smithy/types": "^4.19.0",
        "tslib": "^2.6.2"
      },
      "engines": {
        "node": ">=20.0.0"
      }
    },
    "node_modules/@aws-sdk/token-providers": {
      "version": "3.1149.0",
      "resolved": "https://registry.npmjs.org/@aws-sdk/token-providers/-/token-providers-3.1149.0.tgz",
      "integrity": "sha512-CAwYyA8eVk1w6h8YgLvkjIOakWPwURaUFrP7BRVgkxTFUM+O87thyKsGKJ6rVPbP8eoEV10cBWQ5YfaYl3qSVQ==",
      "dev": true,
      "license": "Apache-2.0",
      "dependencies": {
        "@aws-sdk/core": "^3.978.2",
        "@aws-sdk/nested-clients": "^3.997.47",
        "@aws-sdk/types": "^3.974.6",
        "@smithy/core": "^3.35.2",
        "@smithy/types": "^4.19.0",
        "tslib": "^2.6.2"
      },
      "engines": {
        "node": ">=20.0.0"
      }
    },
    "node_modules/@aws-sdk/types": {
      "version": "3.974.6",
      "resolved": "https://registry.npmjs.org/@aws-sdk/types/-/types-3.974.6.tgz",
      "integrity": "sha512-v/clNZzZnDxGyvpHMOGpJKVXFAExJzUNAAjaWGdcx8QAcXLGwTaOkw33p5SHAi0YAioK32xB3hWwOekRVfmfKg==",
      "dev": true,
      "license": "Apache-2.0",
      "dependencies": {
        "@smithy/types": "^4.19.0",
        "tslib": "^2.6.2"
      },
      "engines": {
        "node": ">=20.0.0"
      }
    },
    "node_modules/@aws-sdk/xml-builder": {
      "version": "3.972.41",
      "resolved": "https://registry.npmjs.org/@aws-sdk/xml-builder/-/xml-builder-3.972.41.tgz",
      "integrity": "sha512-ctjVSyCMegrWfXlx6VqzSBFI6UqmQ5ZlnfMhdLIiWmhoH8UAQxSCP5N3OpG7X3k4LnS7ou74C4mt20+bfTW2aQ==",
      "dev": true,
      "license": "Apache-2.0",
      "dependencies": {
        "@smithy/types": "^4.19.0",
        "tslib": "^2.6.2"
      },
      "engines": {
        "node": ">=20.0.0"
      }
    },
    "node_modules/@aws/lambda-invoke-store": {
      "version": "0.3.0",
      "resolved": "https://registry.npmjs.org/@aws/lambda-invoke-store/-/lambda-invoke-store-0.3.0.tgz",
      "integrity": "sha512-sl4Bm6yiMNYrZKkqqDFWN0UfnWhlS8ivKxrYl+6t0gCLrqr8y3B2IqZZbFRkfaVVp7C/baApyh71P+LeE1A2sQ==",
      "dev": true,
      "license": "Apache-2.0",
      "engines": {
        "node": ">=18.0.0"
      }
    },
    "node_modules/@smithy/core": {
      "version": "3.35.2",
      "resolved": "https://registry.npmjs.org/@smithy/core/-/core-3.35.2.tgz",
      "integrity": "sha512-ejTukBuP/Pg3t9N8Ux+0zKsXeHWm7p6W3HbXFOyltKasSxZwCFmvTut7kBdZSCF3m9y1bXXyVu6p2xuMFcsTyQ==",
      "dev": true,
      "license": "Apache-2.0",
      "dependencies": {
        "@smithy/types": "^4.19.0",
        "tslib": "^2.6.2"
      },
      "engines": {
        "node": ">=18.0.0"
      }
    },
    "node_modules/@smithy/credential-provider-imds": {
      "version": "4.5.2",
      "resolved": "https://registry.npmjs.org/@smithy/credential-provider-imds/-/credential-provider-imds-4.5.2.tgz",
      "integrity": "sha512-A9uSdn72ozbRUSit0eib0TW7nXuNPlaeM0zcGkJ+nE6tFcSDbnmtwoxbTCFBukVQcszDAyvsd7+rTduPTXpygg==",
      "dev": true,
      "license": "Apache-2.0",
      "dependencies": {
        "@smithy/core": "^3.33.2",
        "@smithy/types": "^4.17.2",
        "tslib": "^2.6.2"
      },
      "engines": {
        "node": ">=18.0.0"
      }
    },
    "node_modules/@smithy/fetch-http-handler": {
      "version": "5.8.0",
      "resolved": "https://registry.npmjs.org/@smithy/fetch-http-handler/-/fetch-http-handler-5.8.0.tgz",
      "integrity": "sha512-ycSJu3tFAQ4v04CBB0agqFMVsSQ1iG3yw+SpgxRqKfaURpQD4CZ8Wn0zPMmSnOuTpTh65Vz+EA0rMrw089wvkA==",
      "dev": true,
      "license": "Apache-2.0",
      "dependencies": {
        "@smithy/core": "^3.33.3",
        "@smithy/types": "^4.18.0",
        "tslib": "^2.6.2"
      },
      "engines": {
        "node": ">=18.0.0"
      }
    },
    "node_modules/@smithy/node-http-handler": {
      "version": "4.12.1",
      "resolved": "https://registry.npmjs.org/@smithy/node-http-handler/-/node-http-handler-4.12.1.tgz",
      "integrity": "sha512-ThMkboGeONWXAelq9FvGsuJC4rOi+qyC4/zhUF58xYpxUg5sQKx2VXZYJmtNjr4dSuBJ1HeJXETQILCz3wOHvw==",
      "dev": true,
      "license": "Apache-2.0",
      "dependencies": {
        "@smithy/core": "^3.33.3",
        "@smithy/types": "^4.18.0",
        "tslib": "^2.6.2"
      },
      "engines": {
        "node": ">=18.0.0"
      }
    },
    "node_modules/@smithy/signature-v4": {
      "version": "5.7.4",
      "resolved": "https://registry.npmjs.org/@smithy/signature-v4/-/signature-v4-5.7.4.tgz",
      "integrity": "sha512-tHy0K0VtqNd5Y7Y41h0a0Lhh0L1GzC08dTWg0F7vRJWFtTENg7IZikf3wQkanYIRdb7ngoIPMTmqgUi401fEeQ==",
      "dev": true,
      "license": "Apache-2.0",
      "dependencies": {
        "@smithy/core": "^3.35.0",
        "@smithy/types": "^4.19.0",
        "tslib": "^2.6.2"
      },
      "engines": {
        "node": ">=18.0.0"
      }
    },
    "node_modules/@smithy/types": {
      "version": "4.19.0",
      "resolved": "https://registry.npmjs.org/@smithy/types/-/types-4.19.0.tgz",
      "integrity": "sha512-r7jh49VJxGerfAcTQA6gXcKc+98zOp/tqRwzYjgOE+iSQsP6cEU1hq2QzbuipmP68QtYdY9wKEhiCQZIzHgZ4Q==",
      "dev": true,
      "license": "Apache-2.0",
      "dependencies": {
        "tslib": "^2.6.2"
      },
      "engines": {
        "node": ">=18.0.0"
      }
    },
    "node_modules/@types/adm-zip": {
      "version": "0.5.8",
      "resolved": "https://registry.npmjs.org/@types/adm-zip/-/adm-zip-0.5.8.tgz",
      "integrity": "sha512-RVVH7QvZYbN+ihqZ4kX/dMiowf6o+Jk1fNwiSdx0NahBJLU787zkULhGhJM8mf/obmLGmgdMM0bXsQTmyfbR7Q==",
      "dev": true,
      "license": "MIT",
      "dependencies": {
        "@types/node": "*"
      }
    },
    "node_modules/@types/node": {
      "version": "22.20.5",
      "resolved": "https://registry.npmjs.org/@types/node/-/node-22.20.5.tgz",
      "integrity": "sha512-U2+DNr+wSjpsTS/wZGYHq7GcwfuSmKiKvoPvK22zwTlRhU91yOniN4qRR5KhIjvif7ysw/dz/hKmfDH0Ris4aA==",
      "dev": true,
      "license": "MIT",
      "dependencies": {
        "undici-types": "~6.21.0"
      }
    },
    "node_modules/adm-zip": {
      "version": "0.6.1",
      "resolved": "https://registry.npmjs.org/adm-zip/-/adm-zip-0.6.1.tgz",
      "integrity": "sha512-Xwrja8nx9e5o2N1my4DsKCeKpdrnACyr1wtbPxBDgGzKzKyE9kRtBFA8mWldI+RVlD7CBZNWY/wQ2+ydwOR6kQ==",
      "dev": true,
      "license": "MIT",
      "engines": {
        "node": ">=14.0"
      }
    },
    "node_modules/bowser": {
      "version": "2.14.1",
      "resolved": "https://registry.npmjs.org/bowser/-/bowser-2.14.1.tgz",
      "integrity": "sha512-tzPjzCxygAKWFOJP011oxFHs57HzIhOEracIgAePE4pqB3LikALKnSzUyU4MGs9/iCEUuHlAJTjTc5M+u7YEGg==",
      "dev": true,
      "license": "MIT"
    },
    "node_modules/csv-parse": {
      "version": "7.0.3",
      "resolved": "https://registry.npmjs.org/csv-parse/-/csv-parse-7.0.3.tgz",
      "integrity": "sha512-YFd3QM/yo17vH91L1IOZuvl09zM0zEEtdfTcOCKWcMdM++MNaQSyp09slXyFCLaPXvHstQFx/xC8myiFHSMUvw==",
      "dev": true,
      "license": "MIT"
    },
    "node_modules/stream-chain": {
      "version": "4.2.6",
      "resolved": "https://registry.npmjs.org/stream-chain/-/stream-chain-4.2.6.tgz",
      "integrity": "sha512-1zeJ8CrtJfmiba26ui8jXkq/xLRFvhzkdH02D5QLO9Cnovgeb28IJxg88DdraWnjnkbOol/++uIAybJbJhk7ig==",
      "dev": true,
      "license": "BSD-3-Clause",
      "funding": {
        "url": "https://github.com/sponsors/uhop"
      }
    },
    "node_modules/stream-json": {
      "version": "3.7.0",
      "resolved": "https://registry.npmjs.org/stream-json/-/stream-json-3.7.0.tgz",
      "integrity": "sha512-rCSBdcBP/bPk6T8QFcxAj1MSzAuc5i49cYW6IE7sYObNEPccBJIUiL6fU9c9BWt40aJK0siVynLX7lWaW8alXw==",
      "dev": true,
      "license": "BSD-3-Clause",
      "dependencies": {
        "stream-chain": "^4.2.5"
      },
      "funding": {
        "url": "https://github.com/sponsors/uhop"
      }
    },
    "node_modules/tslib": {
      "version": "2.8.1",
      "resolved": "https://registry.npmjs.org/tslib/-/tslib-2.8.1.tgz",
      "integrity": "sha512-oJFu94HQb+KVduSUQL7wnpmqnfmLsOA/nAh6b6EH0wCEoK0/mPeXU6c3wKDV83MkOuHPRHtSXKKU99IBazS/2w==",
      "dev": true,
      "license": "0BSD"
    },
    "node_modules/typescript": {
      "version": "5.9.3",
      "resolved": "https://registry.npmjs.org/typescript/-/typescript-5.9.3.tgz",
      "integrity": "sha512-jl1vZzPDinLr9eUt3J/t7V6FgNEw9QjvBPdysz9KfQDD41fQrC2Y4vKQdiaUpFT4bXlb1RHhLpp8wtm6M5TgSw==",
      "dev": true,
      "license": "Apache-2.0",
      "bin": {
        "tsc": "bin/tsc",
        "tsserver": "bin/tsserver"
      },
      "engines": {
        "node": ">=14.17"
      }
    },
    "node_modules/undici-types": {
      "version": "6.21.0",
      "resolved": "https://registry.npmjs.org/undici-types/-/undici-types-6.21.0.tgz",
      "integrity": "sha512-iwDZqg0QAGrg9Rav5H4n0M64c3mkR59cJ6wQp+7C4nI0gsmExaedaYLNO44eT4AtBBwjbTiGPMlt2Md0T9H9JQ==",
      "dev": true,
      "license": "MIT"
    }
  }
}
