{
  "name": "@tempvs/geography-data",
  "version": "0.1.0",
  "lockfileVersion": 3,
  "requires": true,
  "packages": {
    "": {
      "name": "@tempvs/geography-data",
      "version": "0.1.0",
      "devDependencies": {
        "@types/adm-zip": "^0.5.7",
        "@types/node": "^22.13.10",
        "adm-zip": "^0.6.1",
        "csv-parse": "^7.0.3",
        "typescript": "^5.8.2"
      }
    },
    "node_modules/@types/adm-zip": {
      "version": "0.5.8",
      "resolved": "https://registry.npmjs.org/@types/adm-zip/-/adm-zip-0.5.8.tgz",
      "integrity": "sha512-RVVH7QvZYbN+ihqZ4kX/dMiowf6o+Jk1fNwiSdx0NahBJLU787zkULhGhJM8mf/obmLGmgdMM0bXsQTmyfbR7Q==",
      "dev": true,
      "license": "MIT",
      "dependencies": {
        "@types/node": "*"
      }
    },
    "node_modules/@types/node": {
      "version": "22.20.5",
      "resolved": "https://registry.npmjs.org/@types/node/-/node-22.20.5.tgz",
      "integrity": "sha512-U2+DNr+wSjpsTS/wZGYHq7GcwfuSmKiKvoPvK22zwTlRhU91yOniN4qRR5KhIjvif7ysw/dz/hKmfDH0Ris4aA==",
      "dev": true,
      "license": "MIT",
      "dependencies": {
        "undici-types": "~6.21.0"
      }
    },
    "node_modules/adm-zip": {
      "version": "0.6.1",
      "resolved": "https://registry.npmjs.org/adm-zip/-/adm-zip-0.6.1.tgz",
      "integrity": "sha512-Xwrja8nx9e5o2N1my4DsKCeKpdrnACyr1wtbPxBDgGzKzKyE9kRtBFA8mWldI+RVlD7CBZNWY/wQ2+ydwOR6kQ==",
      "dev": true,
      "license": "MIT",
      "engines": {
        "node": ">=14.0"
      }
    },
    "node_modules/csv-parse": {
      "version": "7.0.3",
      "resolved": "https://registry.npmjs.org/csv-parse/-/csv-parse-7.0.3.tgz",
      "integrity": "sha512-YFd3QM/yo17vH91L1IOZuvl09zM0zEEtdfTcOCKWcMdM++MNaQSyp09slXyFCLaPXvHstQFx/xC8myiFHSMUvw==",
      "dev": true,
      "license": "MIT"
    },
    "node_modules/typescript": {
      "version": "5.9.3",
      "resolved": "https://registry.npmjs.org/typescript/-/typescript-5.9.3.tgz",
      "integrity": "sha512-jl1vZzPDinLr9eUt3J/t7V6FgNEw9QjvBPdysz9KfQDD41fQrC2Y4vKQdiaUpFT4bXlb1RHhLpp8wtm6M5TgSw==",
      "dev": true,
      "license": "Apache-2.0",
      "bin": {
        "tsc": "bin/tsc",
        "tsserver": "bin/tsserver"
      },
      "engines": {
        "node": ">=14.17"
      }
    },
    "node_modules/undici-types": {
      "version": "6.21.0",
      "resolved": "https://registry.npmjs.org/undici-types/-/undici-types-6.21.0.tgz",
      "integrity": "sha512-iwDZqg0QAGrg9Rav5H4n0M64c3mkR59cJ6wQp+7C4nI0gsmExaedaYLNO44eT4AtBBwjbTiGPMlt2Md0T9H9JQ==",
      "dev": true,
      "license": "MIT"
    }
  }
}
